# This file is automatically @generated by Cargo.
# It is not intended for manual editing.
version = 3

[[package]]
name = "abibool"
version = "0.5.3"
source = "registry+https://github.com/rust-lang/crates.io-index"
checksum = "0bd30f59e066010fda3421085177545205e1fd063de54700e9c7a6ceffad2e5e"
dependencies = [
 "bytemuck",
]

[[package]]
name = "abistr"
version = "0.2.0-rc3"
source = "registry+https://github.com/rust-lang/crates.io-index"
checksum = "e7de73941ad2564b82f4ac974b9df97f7033adf8773074cbb24cb1d358519f52"
dependencies = [
 "abistr-macros",
 "bytemuck",
]

[[package]]
name = "abistr-macros"
version = "0.2.0-rc3"
source = "registry+https://github.com/rust-lang/crates.io-index"
checksum = "8aeb952f369a5255b28bd4d57984d84edc2d3b5ee72c93427b47b703e1df8e15"

[[package]]
name = "bytemuck"
version = "1.13.1"
source = "registry+https://github.com/rust-lang/crates.io-index"
checksum = "17febce684fd15d89027105661fec94afb475cb995fbc59d2865198446ba2eea"
dependencies = [
 "bytemuck_derive",
]

[[package]]
name = "bytemuck_derive"
version = "1.4.1"
source = "registry+https://github.com/rust-lang/crates.io-index"
checksum = "fdde5c9cd29ebd706ce1b35600920a33550e402fc998a2e53ad3b42c3c47a192"
dependencies = [
 "proc-macro2",
 "quote",
 "syn",
]

[[package]]
name = "cfg-if"
version = "1.0.0"
source = "registry+https://github.com/rust-lang/crates.io-index"
checksum = "baf1de4339761588bc0619e3cbc0120ee582ebb74b53b4efbf79117bd2da40fd"

[[package]]
name = "getrandom"
version = "0.2.9"
source = "registry+https://github.com/rust-lang/crates.io-index"
checksum = "c85e1d9ab2eadba7e5040d4e09cbd6d072b76a557ad64e797c2cb9d4da21d7e4"
dependencies = [
 "cfg-if",
 "libc",
 "wasi",
]

[[package]]
name = "lazy_static"
version = "1.4.0"
source = "registry+https://github.com/rust-lang/crates.io-index"
checksum = "e2abad23fbc42b3700f2f279844dc832adb2b2eb069b2df918f455c4e18cc646"

[[package]]
name = "libc"
version = "0.2.141"
source = "registry+https://github.com/rust-lang/crates.io-index"
checksum = "3304a64d199bb964be99741b7a14d26972741915b3649639149b2479bb46f4b5"

[[package]]
name = "maulingmonkey-chip8-interpreter"
version = "0.0.0-git"
dependencies = [
 "bytemuck",
 "mcom",
 "rand",
 "thindx-xaudio2",
 "winapi",
]

[[package]]
name = "maulingmonkey-chip8-website"
version = "0.0.0-git"
dependencies = [
 "bytemuck",
 "maulingmonkey-chip8-interpreter",
]

[[package]]
name = "mcom"
version = "0.1.4"
source = "registry+https://github.com/rust-lang/crates.io-index"
checksum = "f19b24eb29c8c12fdc82173dd1e8cafa5d8d1c476c096f054e1928f1e26aaf9b"
dependencies = [
 "winapi",
]

[[package]]
name = "minidl"
version = "0.1.5"
source = "registry+https://github.com/rust-lang/crates.io-index"
checksum = "87d3d8666e5ed22230c0096edcccf7097905b1e2975869e1b9fe5df40d26d801"

[[package]]
name = "nonmax"
version = "0.5.3"
source = "registry+https://github.com/rust-lang/crates.io-index"
checksum = "99756f5493e135528f0cd660ac67b4c3a542bb65a3565efe92bb2c2317eb3669"

[[package]]
name = "ppv-lite86"
version = "0.2.17"
source = "registry+https://github.com/rust-lang/crates.io-index"
checksum = "5b40af805b3121feab8a3c29f04d8ad262fa8e0561883e7653e024ae4479e6de"

[[package]]
name = "proc-macro2"
version = "1.0.56"
source = "registry+https://github.com/rust-lang/crates.io-index"
checksum = "2b63bdb0cd06f1f4dedf69b254734f9b45af66e4a031e42a7480257d9898b435"
dependencies = [
 "unicode-ident",
]

[[package]]
name = "quote"
version = "1.0.26"
source = "registry+https://github.com/rust-lang/crates.io-index"
checksum = "4424af4bf778aae2051a77b60283332f386554255d722233d09fbfc7e30da2fc"
dependencies = [
 "proc-macro2",
]

[[package]]
name = "rand"
version = "0.8.5"
source = "registry+https://github.com/rust-lang/crates.io-index"
checksum = "34af8d1a0e25924bc5b7c43c079c942339d8f0a8b57c39049bef581b46327404"
dependencies = [
 "libc",
 "rand_chacha",
 "rand_core",
]

[[package]]
name = "rand_chacha"
version = "0.3.1"
source = "registry+https://github.com/rust-lang/crates.io-index"
checksum = "e6c10a63a0fa32252be49d21e7709d4d4baf8d231c2dbce1eaa8141b9b127d88"
dependencies = [
 "ppv-lite86",
 "rand_core",
]

[[package]]
name = "rand_core"
version = "0.6.4"
source = "registry+https://github.com/rust-lang/crates.io-index"
checksum = "ec0be4795e2f6a28069bec0b5ff3e2ac9bafc99e6a9a7dc3547996c5c816922c"
dependencies = [
 "getrandom",
]

[[package]]
name = "sptr"
version = "0.3.2"
source = "registry+https://github.com/rust-lang/crates.io-index"
checksum = "3b9b39299b249ad65f3b7e96443bad61c02ca5cd3589f46cb6d610a0fd6c0d6a"

[[package]]
name = "syn"
version = "2.0.15"
source = "registry+https://github.com/rust-lang/crates.io-index"
checksum = "a34fcf3e8b60f57e6a14301a2e916d323af98b0ea63c599441eec8558660c822"
dependencies = [
 "proc-macro2",
 "quote",
 "unicode-ident",
]

[[package]]
name = "thindx-xaudio2"
version = "0.0.0-2023-04-17"
source = "registry+https://github.com/rust-lang/crates.io-index"
checksum = "e451d0a60e4f398b183934a1626694db8870dee858cef64f8c40f51bc4f85211"
dependencies = [
 "abibool",
 "abistr",
 "bytemuck",
 "lazy_static",
 "mcom",
 "minidl",
 "nonmax",
 "sptr",
 "thindx-xaudio2-sys",
 "winapi",
 "winresult",
]

[[package]]
name = "thindx-xaudio2-sys"
version = "0.0.0-2022-11-19"
source = "registry+https://github.com/rust-lang/crates.io-index"
checksum = "5a05084659c9751a219143702e98451d0f28fef2b590d2712d3002f78bc2d1b8"
dependencies = [
 "abibool",
 "abistr",
 "bytemuck",
 "mcom",
 "winapi",
 "winresult",
]

[[package]]
name = "unicode-ident"
version = "1.0.8"
source = "registry+https://github.com/rust-lang/crates.io-index"
checksum = "e5464a87b239f13a63a501f2701565754bae92d243d4bb7eb12f6d57d2269bf4"

[[package]]
name = "wasi"
version = "0.11.0+wasi-snapshot-preview1"
source = "registry+https://github.com/rust-lang/crates.io-index"
checksum = "9c8d87e72b64a3b4db28d11ce29237c246188f4f51057d65a7eab63b7987e423"

[[package]]
name = "winapi"
version = "0.3.9"
source = "registry+https://github.com/rust-lang/crates.io-index"
checksum = "5c839a674fcd7a98952e593242ea400abe93992746761e38641405d28b00f419"
dependencies = [
 "winapi-i686-pc-windows-gnu",
 "winapi-x86_64-pc-windows-gnu",
]

[[package]]
name = "winapi-i686-pc-windows-gnu"
version = "0.4.0"
source = "registry+https://github.com/rust-lang/crates.io-index"
checksum = "ac3b87c63620426dd9b991e5ce0329eff545bccbbb34f3be09ff6fb6ab51b7b6"

[[package]]
name = "winapi-x86_64-pc-windows-gnu"
version = "0.4.0"
source = "registry+https://github.com/rust-lang/crates.io-index"
checksum = "712e227841d057c1ee1cd2fb22fa7e5a5461ae8e48fa2ca79ec42cfc1931183f"

[[package]]
name = "winresult"
version = "0.1.3"
source = "registry+https://github.com/rust-lang/crates.io-index"
checksum = "1fe1d4015321f3df114e73ccc695d62c1566b33b0a2d03d553b7dd65dc11f58d"
dependencies = [
 "winresult-types",
]

[[package]]
name = "winresult-types"
version = "0.1.3"
source = "registry+https://github.com/rust-lang/crates.io-index"
checksum = "c7314fd4ed99b7cc41081400f5d072919967e7382d358bc9e7d72bdd1955e1e8"
dependencies = [
 "bytemuck",
]
